{
  "version": 4,
  "terraform_version": "0.14.8",
  "serial": 75,
  "lineage": "610ce19e-685d-4b47-7f3c-2b3b45c7161e",
  "outputs": {},
  "resources": [
    {
      "mode": "managed",
      "type": "google_compute_network",
      "name": "vpc",
      "provider": "provider[\"registry.terraform.io/hashicorp/google\"]",
      "instances": [
        {
          "schema_version": 0,
          "attributes": {
            "auto_create_subnetworks": false,
            "delete_default_routes_on_create": false,
            "description": "",
            "gateway_ipv4": "",
            "id": "projects/wcs914-terraform/global/networks/wcs914-terraform-vpc",
            "mtu": 0,
            "name": "wcs914-terraform-vpc",
            "project": "wcs914-terraform",
            "routing_mode": "REGIONAL",
            "self_link": "https://www.googleapis.com/compute/v1/projects/wcs914-terraform/global/networks/wcs914-terraform-vpc",
            "timeouts": null
          },
          "sensitive_attributes": [],
          "private": "eyJlMmJmYjczMC1lY2FhLTExZTYtOGY4OC0zNDM2M2JjN2M0YzAiOnsiY3JlYXRlIjoyNDAwMDAwMDAwMDAsImRlbGV0ZSI6MjQwMDAwMDAwMDAwLCJ1cGRhdGUiOjI0MDAwMDAwMDAwMH19"
        }
      ]
    },
    {
      "mode": "managed",
      "type": "google_compute_subnetwork",
      "name": "subnet",
      "provider": "provider[\"registry.terraform.io/hashicorp/google\"]",
      "instances": [
        {
          "schema_version": 0,
          "attributes": {
            "creation_timestamp": "2021-03-29T00:09:36.894-07:00",
            "description": "",
            "fingerprint": null,
            "gateway_address": "10.10.0.1",
            "id": "projects/wcs914-terraform/regions/asia-east1/subnetworks/wcs914-terraform-subnet",
            "ip_cidr_range": "10.10.0.0/24",
            "log_config": [],
            "name": "wcs914-terraform-subnet",
            "network": "https://www.googleapis.com/compute/v1/projects/wcs914-terraform/global/networks/wcs914-terraform-vpc",
            "private_ip_google_access": false,
            "private_ipv6_google_access": "DISABLE_GOOGLE_ACCESS",
            "project": "wcs914-terraform",
            "region": "asia-east1",
            "secondary_ip_range": [],
            "self_link": "https://www.googleapis.com/compute/v1/projects/wcs914-terraform/regions/asia-east1/subnetworks/wcs914-terraform-subnet",
            "timeouts": null
          },
          "sensitive_attributes": [],
          "private": "eyJlMmJmYjczMC1lY2FhLTExZTYtOGY4OC0zNDM2M2JjN2M0YzAiOnsiY3JlYXRlIjozNjAwMDAwMDAwMDAsImRlbGV0ZSI6MzYwMDAwMDAwMDAwLCJ1cGRhdGUiOjM2MDAwMDAwMDAwMH19",
          "dependencies": [
            "google_compute_network.vpc"
          ]
        }
      ]
    },
    {
      "mode": "managed",
      "type": "google_container_cluster",
      "name": "primary",
      "provider": "provider[\"registry.terraform.io/hashicorp/google\"]",
      "instances": [
        {
          "schema_version": 1,
          "attributes": {
            "addons_config": [
              {
                "cloudrun_config": [],
                "horizontal_pod_autoscaling": [],
                "http_load_balancing": [],
                "network_policy_config": [
                  {
                    "disabled": true
                  }
                ]
              }
            ],
            "authenticator_groups_config": [],
            "cluster_autoscaling": [
              {
                "auto_provisioning_defaults": [],
                "enabled": false,
                "resource_limits": []
              }
            ],
            "cluster_ipv4_cidr": "10.224.0.0/14",
            "database_encryption": [
              {
                "key_name": "",
                "state": "DECRYPTED"
              }
            ],
            "default_max_pods_per_node": null,
            "description": "",
            "enable_binary_authorization": false,
            "enable_intranode_visibility": null,
            "enable_kubernetes_alpha": false,
            "enable_legacy_abac": false,
            "enable_shielded_nodes": false,
            "enable_tpu": null,
            "endpoint": "35.194.179.73",
            "id": "projects/wcs914-terraform/locations/asia-east1/clusters/wcs914-terraform-gke",
            "initial_node_count": 1,
            "instance_group_urls": [],
            "ip_allocation_policy": [],
            "label_fingerprint": "a9dc16a7",
            "location": "asia-east1",
            "logging_service": "logging.googleapis.com/kubernetes",
            "maintenance_policy": [],
            "master_auth": [
              {
                "client_certificate": "",
                "client_certificate_config": [
                  {
                    "issue_client_certificate": false
                  }
                ],
                "client_key": "",
                "cluster_ca_certificate": "LS0tLS1CRUdJTiBDRVJUSUZJQ0FURS0tLS0tCk1JSURLakNDQWhLZ0F3SUJBZ0lRZDlxZ3ppUFBUeUU4NFJYbUFTbVl5REFOQmdrcWhraUc5dzBCQVFzRkFEQXYKTVMwd0t3WURWUVFERXlSaVptUTRNR0ZtWVMwM1pqTTVMVFJoWTJVdFlqTTFOaTAxTTJZM016QXpZak0yWVdRdwpIaGNOTWpFd016STVNRFl3T1RRNFdoY05Nall3TXpJNE1EY3dPVFE0V2pBdk1TMHdLd1lEVlFRREV5UmlabVE0Ck1HRm1ZUzAzWmpNNUxUUmhZMlV0WWpNMU5pMDFNMlkzTXpBellqTTJZV1F3Z2dFaU1BMEdDU3FHU0liM0RRRUIKQVFVQUE0SUJEd0F3Z2dFS0FvSUJBUURPYXAwL3hBS20rKzZGMDJXT0tTckNEcUxCdzc2UHcxV1llQkR0NUhxaQpia1JzUlJIUk15UHVNMVQ3V3k1b2U2alV0VC9UL21hYkdRUU8zWnZPTVQyMFRsWWduSkh0T04vekR5T1lXNFZDCk9HbFRQZWhRQ1VVT1dzbTJqMEl3WHpYNjRZdGtDSFVFQjBDNnYxL2tEekZkSHVwNEhGVnYrM0J2VXd4L2dIVlQKRDBoQ1k0TzZNMzVOWTdPdllUTngrMk5yaHFKY09Gb1dCWGU2UW5MendOcGpRa090NWpSK2ppMy9JR2gwKzFCZApZT0hZb2Z6YngveFYxWUthdlFsTWkyVHNET291R0VGV1kwWW9uSUtQOG1lZW03M29ScjFIdisvY1RGZUtBa1lTCk5LMTkrZkZRdG8valE0N2ZPZmVEd3FWQ0lnNTBHRHNxS3RzRXEwNjA0NHZsQWdNQkFBR2pRakJBTUE0R0ExVWQKRHdFQi93UUVBd0lDQkRBUEJnTlZIUk1CQWY4RUJUQURBUUgvTUIwR0ExVWREZ1FXQkJRam5jVHkwL2tPTGtreAp2RTJoUUxkRW5qaHh4REFOQmdrcWhraUc5dzBCQVFzRkFBT0NBUUVBRXN3dU8wYzV1UStaeVVuQW03SEFYSjFNCnUyc3ZYZSt1blNYTHNtR3docEQ1dTJJNDBLNFhhQ2lENTZBWm5jdTR5MTcrd0h3VEtWSG51Wlc2eE9ZQ2dpbTkKTjgvc0NZbEN3d1paVmovSzlHeklkTFlKMGNZS01RZTZ2ZEhQbzFXeDE4RHpzcDl5enZETXc0a3gxQktrWFJYcgpNdHpHNzk4L0t1d1YrLzhFNnUwZExNTXV0WUJZem43ZWFpTUhicERwNDFCajlHUSt3eUw2VW9Ccm9oNXIrR2ZBCmpXakkvVjBwT1l5QWRwR25DaHo4cE40OGI4c3dPTzRuUndWeTFOL0hjTDBtK3d2T0E5d2NoMnZyRWMyV28vL2QKS2p5U0todFhoYWtGV0JqVmFyMndaMTJLSDFpRFBlVVM5MXo2YXFwakJJdkswSzlibG80U3EwWEVsMlNuMFE9PQotLS0tLUVORCBDRVJUSUZJQ0FURS0tLS0tCg==",
                "password": "",
                "username": ""
              }
            ],
            "master_authorized_networks_config": [],
            "master_version": "1.18.15-gke.1501",
            "min_master_version": null,
            "monitoring_service": "monitoring.googleapis.com/kubernetes",
            "name": "wcs914-terraform-gke",
            "network": "projects/wcs914-terraform/global/networks/wcs914-terraform-vpc",
            "network_policy": [
              {
                "enabled": false,
                "provider": "PROVIDER_UNSPECIFIED"
              }
            ],
            "node_config": [],
            "node_locations": [
              "asia-east1-a",
              "asia-east1-b",
              "asia-east1-c"
            ],
            "node_pool": [],
            "node_version": "1.18.15-gke.1501",
            "operation": null,
            "pod_security_policy_config": [],
            "private_cluster_config": [],
            "project": "wcs914-terraform",
            "release_channel": [
              {
                "channel": "REGULAR"
              }
            ],
            "remove_default_node_pool": true,
            "resource_labels": null,
            "resource_usage_export_config": [],
            "self_link": "https://container.googleapis.com/v1beta1/projects/wcs914-terraform/locations/asia-east1/clusters/wcs914-terraform-gke",
            "services_ipv4_cidr": "10.227.240.0/20",
            "subnetwork": "projects/wcs914-terraform/regions/asia-east1/subnetworks/wcs914-terraform-subnet",
            "timeouts": null,
            "vertical_pod_autoscaling": [],
            "workload_identity_config": []
          },
          "sensitive_attributes": [],
          "private": "eyJlMmJmYjczMC1lY2FhLTExZTYtOGY4OC0zNDM2M2JjN2M0YzAiOnsiY3JlYXRlIjoyNDAwMDAwMDAwMDAwLCJkZWxldGUiOjI0MDAwMDAwMDAwMDAsInJlYWQiOjI0MDAwMDAwMDAwMDAsInVwZGF0ZSI6MzYwMDAwMDAwMDAwMH0sInNjaGVtYV92ZXJzaW9uIjoiMSJ9",
          "dependencies": [
            "google_compute_network.vpc",
            "google_compute_subnetwork.subnet"
          ]
        }
      ]
    },
    {
      "mode": "managed",
      "type": "google_container_node_pool",
      "name": "primary_nodes",
      "provider": "provider[\"registry.terraform.io/hashicorp/google\"]",
      "instances": [
        {
          "schema_version": 1,
          "attributes": {
            "autoscaling": [],
            "cluster": "wcs914-terraform-gke",
            "id": "projects/wcs914-terraform/locations/asia-east1/clusters/wcs914-terraform-gke/nodePools/wcs914-terraform-gke-node-pool",
            "initial_node_count": 1,
            "instance_group_urls": [
              "https://www.googleapis.com/compute/v1/projects/wcs914-terraform/zones/asia-east1-b/instanceGroupManagers/gke-wcs914-terraform-wcs914-terraform-ee8d099e-grp",
              "https://www.googleapis.com/compute/v1/projects/wcs914-terraform/zones/asia-east1-a/instanceGroupManagers/gke-wcs914-terraform-wcs914-terraform-3a196147-grp",
              "https://www.googleapis.com/compute/v1/projects/wcs914-terraform/zones/asia-east1-c/instanceGroupManagers/gke-wcs914-terraform-wcs914-terraform-526d494a-grp"
            ],
            "location": "asia-east1",
            "management": [
              {
                "auto_repair": true,
                "auto_upgrade": true
              }
            ],
            "max_pods_per_node": null,
            "name": "wcs914-terraform-gke-node-pool",
            "name_prefix": "",
            "node_config": [
              {
                "disk_size_gb": 100,
                "disk_type": "pd-standard",
                "guest_accelerator": [],
                "image_type": "COS",
                "labels": {
                  "env": "wcs914-terraform"
                },
                "local_ssd_count": 0,
                "machine_type": "e2-standard-8",
                "metadata": {
                  "disable-legacy-endpoints": "true"
                },
                "min_cpu_platform": "",
                "oauth_scopes": [
                  "https://www.googleapis.com/auth/logging.write",
                  "https://www.googleapis.com/auth/monitoring"
                ],
                "preemptible": false,
                "service_account": "default",
                "shielded_instance_config": [
                  {
                    "enable_integrity_monitoring": true,
                    "enable_secure_boot": false
                  }
                ],
                "tags": [
                  "gke-node",
                  "wcs914-terraform-gke"
                ],
                "taint": [],
                "workload_metadata_config": []
              }
            ],
            "node_count": 1,
            "node_locations": [
              "asia-east1-a",
              "asia-east1-b",
              "asia-east1-c"
            ],
            "project": "wcs914-terraform",
            "timeouts": null,
            "upgrade_settings": [
              {
                "max_surge": 1,
                "max_unavailable": 0
              }
            ],
            "version": "1.18.15-gke.1501"
          },
          "sensitive_attributes": [],
          "private": "eyJlMmJmYjczMC1lY2FhLTExZTYtOGY4OC0zNDM2M2JjN2M0YzAiOnsiY3JlYXRlIjoxODAwMDAwMDAwMDAwLCJkZWxldGUiOjE4MDAwMDAwMDAwMDAsInVwZGF0ZSI6MTgwMDAwMDAwMDAwMH0sInNjaGVtYV92ZXJzaW9uIjoiMSJ9",
          "dependencies": [
            "google_compute_network.vpc",
            "google_compute_subnetwork.subnet",
            "google_container_cluster.primary"
          ]
        }
      ]
    }
  ]
}
